
Microsoft Visual Studio Solution File, Format Version 12.00
# Visual Studio 15
VisualStudioVersion = 15.0.28307.329
MinimumVisualStudioVersion = 10.0.40219.1
Project("{FAE04EC0-301F-11D3-BF4B-00C04F79EFBC}") = "Bearing", "Bearing\Bearing.csproj", "{65C5E3BE-711E-40C7-96A0-987DB2E54430}"
EndProject
Global
	GlobalSection(SolutionConfigurationPlatforms) = preSolution
		Debug|Any CPU = Debug|Any CPU
		Release|Any CPU = Release|Any CPU
	EndGlobalSection
	GlobalSection(ProjectConfigurationPlatforms) = postSolution
		{65C5E3BE-711E-40C7-96A0-987DB2E54430}.Debug|Any CPU.ActiveCfg = Debug|Any CPU
		{65C5E3BE-711E-40C7-96A0-987DB2E54430}.Debug|Any CPU.Build.0 = Debug|Any CPU
		{65C5E3BE-711E-40C7-96A0-987DB2E54430}.Release|Any CPU.ActiveCfg = Release|Any CPU
		{65C5E3BE-711E-40C7-96A0-987DB2E54430}.Release|Any CPU.Build.0 = Release|Any CPU
	EndGlobalSection
	GlobalSection(SolutionProperties) = preSolution
		HideSolutionNode = FALSE
	EndGlobalSection
	GlobalSection(ExtensibilityGlobals) = postSolution
		SolutionGuid = {ADE2012B-ECEB-4C37-8D2B-454C16F14F49}
	EndGlobalSection
EndGlobal
